// !$*UTF8*$!
{
	archiveVersion = 1;
	classes = {
	};
	objectVersion = 60;
	objects = {

/* Begin PBXBuildFile section */
		BD0EEBC02B654590000B3B02 /* HomeView.swift in Sources */ = {isa = PBXBuildFile; fileRef = BD0EEBBF2B654590000B3B02 /* HomeView.swift */; };
		BD0EEBC22B6545AC000B3B02 /* HomeViewModel.swift in Sources */ = {isa = PBXBuildFile; fileRef = BD0EEBC12B6545AC000B3B02 /* HomeViewModel.swift */; };
		BD1EE0FD2B572BA200304CCF /* CoinitoApp.swift in Sources */ = {isa = PBXBuildFile; fileRef = BD1EE0FC2B572BA200304CCF /* CoinitoApp.swift */; };
		BD1EE0FF2B572BA200304CCF /* ContentView.swift in Sources */ = {isa = PBXBuildFile; fileRef = BD1EE0FE2B572BA200304CCF /* ContentView.swift */; };
		BD1EE1012B572BA300304CCF /* Assets.xcassets in Resources */ = {isa = PBXBuildFile; fileRef = BD1EE1002B572BA300304CCF /* Assets.xcassets */; };
		BD1EE1042B572BA300304CCF /* Preview Assets.xcassets in Resources */ = {isa = PBXBuildFile; fileRef = BD1EE1032B572BA300304CCF /* Preview Assets.xcassets */; };
		BD1EE10C2B572C7800304CCF /* Dependencies in Frameworks */ = {isa = PBXBuildFile; productRef = BD1EE10B2B572C7800304CCF /* Dependencies */; };
		BD1EE10F2B572E5600304CCF /* Assembly.swift in Sources */ = {isa = PBXBuildFile; fileRef = BD1EE10E2B572E5600304CCF /* Assembly.swift */; };
		BD1EE1112B572E6F00304CCF /* AssemblyShared.swift in Sources */ = {isa = PBXBuildFile; fileRef = BD1EE1102B572E6F00304CCF /* AssemblyShared.swift */; };
		BD1EE1172B572EB100304CCF /* AssemblyMocks.swift in Sources */ = {isa = PBXBuildFile; fileRef = BD1EE1122B572E8800304CCF /* AssemblyMocks.swift */; };
		BD1EE1182B572EB100304CCF /* ContentView.swift in Sources */ = {isa = PBXBuildFile; fileRef = BD1EE0FE2B572BA200304CCF /* ContentView.swift */; };
		BD1EE11A2B572EB100304CCF /* AssemblyShared.swift in Sources */ = {isa = PBXBuildFile; fileRef = BD1EE1102B572E6F00304CCF /* AssemblyShared.swift */; };
		BD1EE11B2B572EB100304CCF /* CoinitoApp.swift in Sources */ = {isa = PBXBuildFile; fileRef = BD1EE0FC2B572BA200304CCF /* CoinitoApp.swift */; };
		BD1EE11D2B572EB100304CCF /* Dependencies in Frameworks */ = {isa = PBXBuildFile; productRef = BD1EE1152B572EB100304CCF /* Dependencies */; };
		BD1EE11F2B572EB100304CCF /* Preview Assets.xcassets in Resources */ = {isa = PBXBuildFile; fileRef = BD1EE1032B572BA300304CCF /* Preview Assets.xcassets */; };
		BD1EE1202B572EB100304CCF /* Assets.xcassets in Resources */ = {isa = PBXBuildFile; fileRef = BD1EE1002B572BA300304CCF /* Assets.xcassets */; };
		BD40A2762B66F2680003644A /* OverviewChartViewModel.swift in Sources */ = {isa = PBXBuildFile; fileRef = BD40A2752B66F2680003644A /* OverviewChartViewModel.swift */; };
		BD40A2782B66F26F0003644A /* OverviewChartView.swift in Sources */ = {isa = PBXBuildFile; fileRef = BD40A2772B66F26F0003644A /* OverviewChartView.swift */; };
		BD40A2792B66F4AE0003644A /* OverviewChartViewModel.swift in Sources */ = {isa = PBXBuildFile; fileRef = BD40A2752B66F2680003644A /* OverviewChartViewModel.swift */; };
		BD40A27A2B66F4B00003644A /* OverviewChartView.swift in Sources */ = {isa = PBXBuildFile; fileRef = BD40A2772B66F26F0003644A /* OverviewChartView.swift */; };
		BD866D082B65A51D004B8E79 /* AppIdentityView.swift in Sources */ = {isa = PBXBuildFile; fileRef = BD866D072B65A51D004B8E79 /* AppIdentityView.swift */; };
		BD866D0B2B65A543004B8E79 /* BlueButtonView.swift in Sources */ = {isa = PBXBuildFile; fileRef = BD866D0A2B65A543004B8E79 /* BlueButtonView.swift */; };
		BD866D0F2B65A569004B8E79 /* CoinImageView.swift in Sources */ = {isa = PBXBuildFile; fileRef = BD866D0E2B65A569004B8E79 /* CoinImageView.swift */; };
		BD866D112B65A57B004B8E79 /* CoinImageViewModel.swift in Sources */ = {isa = PBXBuildFile; fileRef = BD866D102B65A57B004B8E79 /* CoinImageViewModel.swift */; };
		BD866D122B65A589004B8E79 /* CoinImageViewModel.swift in Sources */ = {isa = PBXBuildFile; fileRef = BD866D102B65A57B004B8E79 /* CoinImageViewModel.swift */; };
		BD866D132B65A58B004B8E79 /* CoinImageView.swift in Sources */ = {isa = PBXBuildFile; fileRef = BD866D0E2B65A569004B8E79 /* CoinImageView.swift */; };
		BD866D142B65A58F004B8E79 /* BlueButtonView.swift in Sources */ = {isa = PBXBuildFile; fileRef = BD866D0A2B65A543004B8E79 /* BlueButtonView.swift */; };
		BD866D152B65A591004B8E79 /* AppIdentityView.swift in Sources */ = {isa = PBXBuildFile; fileRef = BD866D072B65A51D004B8E79 /* AppIdentityView.swift */; };
		BD866D182B65A5AD004B8E79 /* CoinRowView.swift in Sources */ = {isa = PBXBuildFile; fileRef = BD866D172B65A5AD004B8E79 /* CoinRowView.swift */; };
		BD866D192B65A5B8004B8E79 /* CoinRowView.swift in Sources */ = {isa = PBXBuildFile; fileRef = BD866D172B65A5AD004B8E79 /* CoinRowView.swift */; };
		BD866D1E2B65A5EF004B8E79 /* CoinTrendIndicatorView.swift in Sources */ = {isa = PBXBuildFile; fileRef = BD866D1D2B65A5EF004B8E79 /* CoinTrendIndicatorView.swift */; };
		BD866D222B65A61D004B8E79 /* CurrencyAmountView.swift in Sources */ = {isa = PBXBuildFile; fileRef = BD866D212B65A61D004B8E79 /* CurrencyAmountView.swift */; };
		BD866D232B65A63C004B8E79 /* CurrencyAmountView.swift in Sources */ = {isa = PBXBuildFile; fileRef = BD866D212B65A61D004B8E79 /* CurrencyAmountView.swift */; };
		BD866D242B65A645004B8E79 /* CoinTrendIndicatorView.swift in Sources */ = {isa = PBXBuildFile; fileRef = BD866D1D2B65A5EF004B8E79 /* CoinTrendIndicatorView.swift */; };
		BD866D282B65A66A004B8E79 /* RoundedBackgroundImageView.swift in Sources */ = {isa = PBXBuildFile; fileRef = BD866D272B65A66A004B8E79 /* RoundedBackgroundImageView.swift */; };
		BD866D2B2B65A68A004B8E79 /* TemplateRenderedImage.swift in Sources */ = {isa = PBXBuildFile; fileRef = BD866D2A2B65A68A004B8E79 /* TemplateRenderedImage.swift */; };
		BD866D2C2B65A697004B8E79 /* TemplateRenderedImage.swift in Sources */ = {isa = PBXBuildFile; fileRef = BD866D2A2B65A68A004B8E79 /* TemplateRenderedImage.swift */; };
		BD866D2D2B65A69E004B8E79 /* RoundedBackgroundImageView.swift in Sources */ = {isa = PBXBuildFile; fileRef = BD866D272B65A66A004B8E79 /* RoundedBackgroundImageView.swift */; };
		BDB221C42B6548930013C42C /* HomeView.swift in Sources */ = {isa = PBXBuildFile; fileRef = BD0EEBBF2B654590000B3B02 /* HomeView.swift */; };
		BDB221C52B6558080013C42C /* HomeViewModel.swift in Sources */ = {isa = PBXBuildFile; fileRef = BD0EEBC12B6545AC000B3B02 /* HomeViewModel.swift */; };
		BDF18D2A2B5984480004C950 /* CoinAssetView.swift in Sources */ = {isa = PBXBuildFile; fileRef = BDF18D292B5984480004C950 /* CoinAssetView.swift */; };
/* End PBXBuildFile section */

/* Begin PBXFileReference section */
		BD0EEBBF2B654590000B3B02 /* HomeView.swift */ = {isa = PBXFileReference; lastKnownFileType = sourcecode.swift; path = HomeView.swift; sourceTree = "<group>"; };
		BD0EEBC12B6545AC000B3B02 /* HomeViewModel.swift */ = {isa = PBXFileReference; lastKnownFileType = sourcecode.swift; path = HomeViewModel.swift; sourceTree = "<group>"; };
		BD1EE0F92B572BA200304CCF /* Coinito.app */ = {isa = PBXFileReference; explicitFileType = wrapper.application; includeInIndex = 0; path = Coinito.app; sourceTree = BUILT_PRODUCTS_DIR; };
		BD1EE0FC2B572BA200304CCF /* CoinitoApp.swift */ = {isa = PBXFileReference; lastKnownFileType = sourcecode.swift; path = CoinitoApp.swift; sourceTree = "<group>"; };
		BD1EE0FE2B572BA200304CCF /* ContentView.swift */ = {isa = PBXFileReference; lastKnownFileType = sourcecode.swift; path = ContentView.swift; sourceTree = "<group>"; };
		BD1EE1002B572BA300304CCF /* Assets.xcassets */ = {isa = PBXFileReference; lastKnownFileType = folder.assetcatalog; path = Assets.xcassets; sourceTree = "<group>"; };
		BD1EE1032B572BA300304CCF /* Preview Assets.xcassets */ = {isa = PBXFileReference; lastKnownFileType = folder.assetcatalog; path = "Preview Assets.xcassets"; sourceTree = "<group>"; };
		BD1EE10E2B572E5600304CCF /* Assembly.swift */ = {isa = PBXFileReference; lastKnownFileType = sourcecode.swift; path = Assembly.swift; sourceTree = "<group>"; };
		BD1EE1102B572E6F00304CCF /* AssemblyShared.swift */ = {isa = PBXFileReference; lastKnownFileType = sourcecode.swift; path = AssemblyShared.swift; sourceTree = "<group>"; };
		BD1EE1122B572E8800304CCF /* AssemblyMocks.swift */ = {isa = PBXFileReference; lastKnownFileType = sourcecode.swift; path = AssemblyMocks.swift; sourceTree = "<group>"; };
		BD1EE1242B572EB100304CCF /* CoinitoMocks.app */ = {isa = PBXFileReference; explicitFileType = wrapper.application; includeInIndex = 0; path = CoinitoMocks.app; sourceTree = BUILT_PRODUCTS_DIR; };
		BD40A2752B66F2680003644A /* OverviewChartViewModel.swift */ = {isa = PBXFileReference; lastKnownFileType = sourcecode.swift; path = OverviewChartViewModel.swift; sourceTree = "<group>"; };
		BD40A2772B66F26F0003644A /* OverviewChartView.swift */ = {isa = PBXFileReference; lastKnownFileType = sourcecode.swift; path = OverviewChartView.swift; sourceTree = "<group>"; };
		BD866D072B65A51D004B8E79 /* AppIdentityView.swift */ = {isa = PBXFileReference; lastKnownFileType = sourcecode.swift; path = AppIdentityView.swift; sourceTree = "<group>"; };
		BD866D0A2B65A543004B8E79 /* BlueButtonView.swift */ = {isa = PBXFileReference; lastKnownFileType = sourcecode.swift; path = BlueButtonView.swift; sourceTree = "<group>"; };
		BD866D0E2B65A569004B8E79 /* CoinImageView.swift */ = {isa = PBXFileReference; lastKnownFileType = sourcecode.swift; path = CoinImageView.swift; sourceTree = "<group>"; };
		BD866D102B65A57B004B8E79 /* CoinImageViewModel.swift */ = {isa = PBXFileReference; lastKnownFileType = sourcecode.swift; path = CoinImageViewModel.swift; sourceTree = "<group>"; };
		BD866D172B65A5AD004B8E79 /* CoinRowView.swift */ = {isa = PBXFileReference; lastKnownFileType = sourcecode.swift; path = CoinRowView.swift; sourceTree = "<group>"; };
		BD866D1D2B65A5EF004B8E79 /* CoinTrendIndicatorView.swift */ = {isa = PBXFileReference; lastKnownFileType = sourcecode.swift; path = CoinTrendIndicatorView.swift; sourceTree = "<group>"; };
		BD866D212B65A61D004B8E79 /* CurrencyAmountView.swift */ = {isa = PBXFileReference; lastKnownFileType = sourcecode.swift; path = CurrencyAmountView.swift; sourceTree = "<group>"; };
		BD866D272B65A66A004B8E79 /* RoundedBackgroundImageView.swift */ = {isa = PBXFileReference; lastKnownFileType = sourcecode.swift; path = RoundedBackgroundImageView.swift; sourceTree = "<group>"; };
		BD866D2A2B65A68A004B8E79 /* TemplateRenderedImage.swift */ = {isa = PBXFileReference; lastKnownFileType = sourcecode.swift; path = TemplateRenderedImage.swift; sourceTree = "<group>"; };
		BDF18D292B5984480004C950 /* CoinAssetView.swift */ = {isa = PBXFileReference; lastKnownFileType = sourcecode.swift; path = CoinAssetView.swift; sourceTree = "<group>"; };
/* End PBXFileReference section */

/* Begin PBXFrameworksBuildPhase section */
		BD1EE0F62B572BA200304CCF /* Frameworks */ = {
			isa = PBXFrameworksBuildPhase;
			buildActionMask = 2147483647;
			files = (
				BD1EE10C2B572C7800304CCF /* Dependencies in Frameworks */,
			);
			runOnlyForDeploymentPostprocessing = 0;
		};
		BD1EE11C2B572EB100304CCF /* Frameworks */ = {
			isa = PBXFrameworksBuildPhase;
			buildActionMask = 2147483647;
			files = (
				BD1EE11D2B572EB100304CCF /* Dependencies in Frameworks */,
			);
			runOnlyForDeploymentPostprocessing = 0;
		};
/* End PBXFrameworksBuildPhase section */

/* Begin PBXGroup section */
		BD0EEBBD2B65456F000B3B02 /* Views */ = {
			isa = PBXGroup;
			children = (
				BD0EEBBE2B654578000B3B02 /* Home */,
			);
			path = Views;
			sourceTree = "<group>";
		};
		BD0EEBBE2B654578000B3B02 /* Home */ = {
			isa = PBXGroup;
			children = (
				BD0EEBBF2B654590000B3B02 /* HomeView.swift */,
				BD0EEBC12B6545AC000B3B02 /* HomeViewModel.swift */,
			);
			path = Home;
			sourceTree = "<group>";
		};
		BD1EE0F02B572BA200304CCF = {
			isa = PBXGroup;
			children = (
				BD1EE0FB2B572BA200304CCF /* Coinito */,
				BD1EE0FA2B572BA200304CCF /* Products */,
			);
			sourceTree = "<group>";
		};
		BD1EE0FA2B572BA200304CCF /* Products */ = {
			isa = PBXGroup;
			children = (
				BD1EE0F92B572BA200304CCF /* Coinito.app */,
				BD1EE1242B572EB100304CCF /* CoinitoMocks.app */,
			);
			name = Products;
			sourceTree = "<group>";
		};
		BD1EE0FB2B572BA200304CCF /* Coinito */ = {
			isa = PBXGroup;
			children = (
				BD1EE0FC2B572BA200304CCF /* CoinitoApp.swift */,
				BD1EE0FE2B572BA200304CCF /* ContentView.swift */,
				BD1EE10D2B572E3C00304CCF /* Assemblies */,
				BD0EEBBD2B65456F000B3B02 /* Views */,
				BD866D052B65A507004B8E79 /* Components */,
				BDF18D282B5984350004C950 /* BuildView */,
				BD1EE1002B572BA300304CCF /* Assets.xcassets */,
				BD1EE1022B572BA300304CCF /* Preview Content */,
			);
			path = Coinito;
			sourceTree = "<group>";
		};
		BD1EE1022B572BA300304CCF /* Preview Content */ = {
			isa = PBXGroup;
			children = (
				BD1EE1032B572BA300304CCF /* Preview Assets.xcassets */,
			);
			path = "Preview Content";
			sourceTree = "<group>";
		};
		BD1EE10D2B572E3C00304CCF /* Assemblies */ = {
			isa = PBXGroup;
			children = (
				BD1EE10E2B572E5600304CCF /* Assembly.swift */,
				BD1EE1102B572E6F00304CCF /* AssemblyShared.swift */,
				BD1EE1122B572E8800304CCF /* AssemblyMocks.swift */,
			);
			path = Assemblies;
			sourceTree = "<group>";
		};
		BD40A2742B66F0030003644A /* CoinChart */ = {
			isa = PBXGroup;
			children = (
				BD40A2752B66F2680003644A /* OverviewChartViewModel.swift */,
				BD40A2772B66F26F0003644A /* OverviewChartView.swift */,
			);
			path = CoinChart;
			sourceTree = "<group>";
		};
		BD866D052B65A507004B8E79 /* Components */ = {
			isa = PBXGroup;
			children = (
				BD866D062B65A516004B8E79 /* AppIdentity */,
				BD866D092B65A52D004B8E79 /* Buttons */,
				BD866D0C2B65A557004B8E79 /* Coin */,
				BD866D1F2B65A609004B8E79 /* Currency */,
				BD866D252B65A652004B8E79 /* Image */,
			);
			path = Components;
			sourceTree = "<group>";
		};
		BD866D062B65A516004B8E79 /* AppIdentity */ = {
			isa = PBXGroup;
			children = (
				BD866D072B65A51D004B8E79 /* AppIdentityView.swift */,
			);
			path = AppIdentity;
			sourceTree = "<group>";
		};
		BD866D092B65A52D004B8E79 /* Buttons */ = {
			isa = PBXGroup;
			children = (
				BD866D0A2B65A543004B8E79 /* BlueButtonView.swift */,
			);
			path = Buttons;
			sourceTree = "<group>";
		};
		BD866D0C2B65A557004B8E79 /* Coin */ = {
			isa = PBXGroup;
			children = (
				BD40A2742B66F0030003644A /* CoinChart */,
				BD866D0D2B65A560004B8E79 /* CoinImage */,
				BD866D162B65A59D004B8E79 /* CoinRow */,
				BD866D1C2B65A5DB004B8E79 /* CoinTrendIndicatorView */,
			);
			path = Coin;
			sourceTree = "<group>";
		};
		BD866D0D2B65A560004B8E79 /* CoinImage */ = {
			isa = PBXGroup;
			children = (
				BD866D0E2B65A569004B8E79 /* CoinImageView.swift */,
				BD866D102B65A57B004B8E79 /* CoinImageViewModel.swift */,
			);
			path = CoinImage;
			sourceTree = "<group>";
		};
		BD866D162B65A59D004B8E79 /* CoinRow */ = {
			isa = PBXGroup;
			children = (
				BD866D172B65A5AD004B8E79 /* CoinRowView.swift */,
			);
			path = CoinRow;
			sourceTree = "<group>";
		};
		BD866D1C2B65A5DB004B8E79 /* CoinTrendIndicatorView */ = {
			isa = PBXGroup;
			children = (
				BD866D1D2B65A5EF004B8E79 /* CoinTrendIndicatorView.swift */,
			);
			path = CoinTrendIndicatorView;
			sourceTree = "<group>";
		};
		BD866D1F2B65A609004B8E79 /* Currency */ = {
			isa = PBXGroup;
			children = (
				BD866D202B65A615004B8E79 /* CurrencyAmount */,
			);
			path = Currency;
			sourceTree = "<group>";
		};
		BD866D202B65A615004B8E79 /* CurrencyAmount */ = {
			isa = PBXGroup;
			children = (
				BD866D212B65A61D004B8E79 /* CurrencyAmountView.swift */,
			);
			path = CurrencyAmount;
			sourceTree = "<group>";
		};
		BD866D252B65A652004B8E79 /* Image */ = {
			isa = PBXGroup;
			children = (
				BD866D262B65A65A004B8E79 /* RoundedBackgroundImage */,
				BD866D292B65A677004B8E79 /* TemplateRenderedImage */,
			);
			path = Image;
			sourceTree = "<group>";
		};
		BD866D262B65A65A004B8E79 /* RoundedBackgroundImage */ = {
			isa = PBXGroup;
			children = (
				BD866D272B65A66A004B8E79 /* RoundedBackgroundImageView.swift */,
			);
			path = RoundedBackgroundImage;
			sourceTree = "<group>";
		};
		BD866D292B65A677004B8E79 /* TemplateRenderedImage */ = {
			isa = PBXGroup;
			children = (
				BD866D2A2B65A68A004B8E79 /* TemplateRenderedImage.swift */,
			);
			path = TemplateRenderedImage;
			sourceTree = "<group>";
		};
		BDF18D282B5984350004C950 /* BuildView */ = {
			isa = PBXGroup;
			children = (
				BDF18D292B5984480004C950 /* CoinAssetView.swift */,
			);
			path = BuildView;
			sourceTree = "<group>";
		};
/* End PBXGroup section */

/* Begin PBXNativeTarget section */
		BD1EE0F82B572BA200304CCF /* Coinito */ = {
			isa = PBXNativeTarget;
			buildConfigurationList = BD1EE1072B572BA300304CCF /* Build configuration list for PBXNativeTarget "Coinito" */;
			buildPhases = (
				BD1EE0F52B572BA200304CCF /* Sources */,
				BD1EE0F62B572BA200304CCF /* Frameworks */,
				BD1EE0F72B572BA200304CCF /* Resources */,
			);
			buildRules = (
			);
			dependencies = (
			);
			name = Coinito;
			packageProductDependencies = (
				BD1EE10B2B572C7800304CCF /* Dependencies */,
			);
			productName = Coinito;
			productReference = BD1EE0F92B572BA200304CCF /* Coinito.app */;
			productType = "com.apple.product-type.application";
		};
		BD1EE1142B572EB100304CCF /* CoinitoMocks */ = {
			isa = PBXNativeTarget;
			buildConfigurationList = BD1EE1212B572EB100304CCF /* Build configuration list for PBXNativeTarget "CoinitoMocks" */;
			buildPhases = (
				BD1EE1162B572EB100304CCF /* Sources */,
				BD1EE11C2B572EB100304CCF /* Frameworks */,
				BD1EE11E2B572EB100304CCF /* Resources */,
			);
			buildRules = (
			);
			dependencies = (
			);
			name = CoinitoMocks;
			packageProductDependencies = (
				BD1EE1152B572EB100304CCF /* Dependencies */,
			);
			productName = Coinito;
			productReference = BD1EE1242B572EB100304CCF /* CoinitoMocks.app */;
			productType = "com.apple.product-type.application";
		};
/* End PBXNativeTarget section */

/* Begin PBXProject section */
		BD1EE0F12B572BA200304CCF /* Project object */ = {
			isa = PBXProject;
			attributes = {
				BuildIndependentTargetsInParallel = 1;
				LastSwiftUpdateCheck = 1500;
				LastUpgradeCheck = 1500;
				TargetAttributes = {
					BD1EE0F82B572BA200304CCF = {
						CreatedOnToolsVersion = 15.0.1;
					};
				};
			};
			buildConfigurationList = BD1EE0F42B572BA200304CCF /* Build configuration list for PBXProject "Coinito" */;
			compatibilityVersion = "Xcode 14.0";
			developmentRegion = en;
			hasScannedForEncodings = 0;
			knownRegions = (
				en,
				Base,
			);
			mainGroup = BD1EE0F02B572BA200304CCF;
			packageReferences = (
				BD1EE10A2B572C7800304CCF /* XCLocalSwiftPackageReference "../Dependencies" */,
			);
			productRefGroup = BD1EE0FA2B572BA200304CCF /* Products */;
			projectDirPath = "";
			projectRoot = "";
			targets = (
				BD1EE0F82B572BA200304CCF /* Coinito */,
				BD1EE1142B572EB100304CCF /* CoinitoMocks */,
			);
		};
/* End PBXProject section */

/* Begin PBXResourcesBuildPhase section */
		BD1EE0F72B572BA200304CCF /* Resources */ = {
			isa = PBXResourcesBuildPhase;
			buildActionMask = 2147483647;
			files = (
				BD1EE1042B572BA300304CCF /* Preview Assets.xcassets in Resources */,
				BD1EE1012B572BA300304CCF /* Assets.xcassets in Resources */,
			);
			runOnlyForDeploymentPostprocessing = 0;
		};
		BD1EE11E2B572EB100304CCF /* Resources */ = {
			isa = PBXResourcesBuildPhase;
			buildActionMask = 2147483647;
			files = (
				BD1EE11F2B572EB100304CCF /* Preview Assets.xcassets in Resources */,
				BD1EE1202B572EB100304CCF /* Assets.xcassets in Resources */,
			);
			runOnlyForDeploymentPostprocessing = 0;
		};
/* End PBXResourcesBuildPhase section */

/* Begin PBXSourcesBuildPhase section */
		BD1EE0F52B572BA200304CCF /* Sources */ = {
			isa = PBXSourcesBuildPhase;
			buildActionMask = 2147483647;
			files = (
				BD866D282B65A66A004B8E79 /* RoundedBackgroundImageView.swift in Sources */,
				BD40A2762B66F2680003644A /* OverviewChartViewModel.swift in Sources */,
				BD866D182B65A5AD004B8E79 /* CoinRowView.swift in Sources */,
				BD1EE0FF2B572BA200304CCF /* ContentView.swift in Sources */,
				BD866D0F2B65A569004B8E79 /* CoinImageView.swift in Sources */,
				BD1EE10F2B572E5600304CCF /* Assembly.swift in Sources */,
				BD0EEBC22B6545AC000B3B02 /* HomeViewModel.swift in Sources */,
				BDF18D2A2B5984480004C950 /* CoinAssetView.swift in Sources */,
				BD0EEBC02B654590000B3B02 /* HomeView.swift in Sources */,
				BD1EE1112B572E6F00304CCF /* AssemblyShared.swift in Sources */,
				BD1EE0FD2B572BA200304CCF /* CoinitoApp.swift in Sources */,
				BD866D222B65A61D004B8E79 /* CurrencyAmountView.swift in Sources */,
				BD866D112B65A57B004B8E79 /* CoinImageViewModel.swift in Sources */,
				BD866D1E2B65A5EF004B8E79 /* CoinTrendIndicatorView.swift in Sources */,
				BD40A2782B66F26F0003644A /* OverviewChartView.swift in Sources */,
				BD866D0B2B65A543004B8E79 /* BlueButtonView.swift in Sources */,
				BD866D2B2B65A68A004B8E79 /* TemplateRenderedImage.swift in Sources */,
				BD866D082B65A51D004B8E79 /* AppIdentityView.swift in Sources */,
			);
			runOnlyForDeploymentPostprocessing = 0;
		};
		BD1EE1162B572EB100304CCF /* Sources */ = {
			isa = PBXSourcesBuildPhase;
			buildActionMask = 2147483647;
			files = (
				BD866D2D2B65A69E004B8E79 /* RoundedBackgroundImageView.swift in Sources */,
				BD1EE1172B572EB100304CCF /* AssemblyMocks.swift in Sources */,
				BD866D232B65A63C004B8E79 /* CurrencyAmountView.swift in Sources */,
				BD866D192B65A5B8004B8E79 /* CoinRowView.swift in Sources */,
				BDB221C52B6558080013C42C /* HomeViewModel.swift in Sources */,
				BD40A27A2B66F4B00003644A /* OverviewChartView.swift in Sources */,
				BD1EE1182B572EB100304CCF /* ContentView.swift in Sources */,
				BD866D122B65A589004B8E79 /* CoinImageViewModel.swift in Sources */,
				BD866D2C2B65A697004B8E79 /* TemplateRenderedImage.swift in Sources */,
				BD1EE11A2B572EB100304CCF /* AssemblyShared.swift in Sources */,
				BD866D132B65A58B004B8E79 /* CoinImageView.swift in Sources */,
				BD40A2792B66F4AE0003644A /* OverviewChartViewModel.swift in Sources */,
				BD866D152B65A591004B8E79 /* AppIdentityView.swift in Sources */,
				BDB221C42B6548930013C42C /* HomeView.swift in Sources */,
				BD866D242B65A645004B8E79 /* CoinTrendIndicatorView.swift in Sources */,
				BD866D142B65A58F004B8E79 /* BlueButtonView.swift in Sources */,
				BD1EE11B2B572EB100304CCF /* CoinitoApp.swift in Sources */,
			);
			runOnlyForDeploymentPostprocessing = 0;
		};
/* End PBXSourcesBuildPhase section */

/* Begin XCBuildConfiguration section */
		BD1EE1052B572BA300304CCF /* Debug */ = {
			isa = XCBuildConfiguration;
			buildSettings = {
				ALWAYS_SEARCH_USER_PATHS = NO;
				ASSETCATALOG_COMPILER_GENERATE_SWIFT_ASSET_SYMBOL_EXTENSIONS = YES;
				CLANG_ANALYZER_NONNULL = YES;
				CLANG_ANALYZER_NUMBER_OBJECT_CONVERSION = YES_AGGRESSIVE;
				CLANG_CXX_LANGUAGE_STANDARD = "gnu++20";
				CLANG_ENABLE_MODULES = YES;
				CLANG_ENABLE_OBJC_ARC = YES;
				CLANG_ENABLE_OBJC_WEAK = YES;
				CLANG_WARN_BLOCK_CAPTURE_AUTORELEASING = YES;
				CLANG_WARN_BOOL_CONVERSION = YES;
				CLANG_WARN_COMMA = YES;
				CLANG_WARN_CONSTANT_CONVERSION = YES;
				CLANG_WARN_DEPRECATED_OBJC_IMPLEMENTATIONS = YES;
				CLANG_WARN_DIRECT_OBJC_ISA_USAGE = YES_ERROR;
				CLANG_WARN_DOCUMENTATION_COMMENTS = YES;
				CLANG_WARN_EMPTY_BODY = YES;
				CLANG_WARN_ENUM_CONVERSION = YES;
				CLANG_WARN_INFINITE_RECURSION = YES;
				CLANG_WARN_INT_CONVERSION = YES;
				CLANG_WARN_NON_LITERAL_NULL_CONVERSION = YES;
				CLANG_WARN_OBJC_IMPLICIT_RETAIN_SELF = YES;
				CLANG_WARN_OBJC_LITERAL_CONVERSION = YES;
				CLANG_WARN_OBJC_ROOT_CLASS = YES_ERROR;
				CLANG_WARN_QUOTED_INCLUDE_IN_FRAMEWORK_HEADER = YES;
				CLANG_WARN_RANGE_LOOP_ANALYSIS = YES;
				CLANG_WARN_STRICT_PROTOTYPES = YES;
				CLANG_WARN_SUSPICIOUS_MOVE = YES;
				CLANG_WARN_UNGUARDED_AVAILABILITY = YES_AGGRESSIVE;
				CLANG_WARN_UNREACHABLE_CODE = YES;
				CLANG_WARN__DUPLICATE_METHOD_MATCH = YES;
				COPY_PHASE_STRIP = NO;
				DEBUG_INFORMATION_FORMAT = dwarf;
				ENABLE_STRICT_OBJC_MSGSEND = YES;
				ENABLE_TESTABILITY = YES;
				ENABLE_USER_SCRIPT_SANDBOXING = YES;
				GCC_C_LANGUAGE_STANDARD = gnu17;
				GCC_DYNAMIC_NO_PIC = NO;
				GCC_NO_COMMON_BLOCKS = YES;
				GCC_OPTIMIZATION_LEVEL = 0;
				GCC_PREPROCESSOR_DEFINITIONS = (
					"DEBUG=1",
					"$(inherited)",
				);
				GCC_WARN_64_TO_32_BIT_CONVERSION = YES;
				GCC_WARN_ABOUT_RETURN_TYPE = YES_ERROR;
				GCC_WARN_UNDECLARED_SELECTOR = YES;
				GCC_WARN_UNINITIALIZED_AUTOS = YES_AGGRESSIVE;
				GCC_WARN_UNUSED_FUNCTION = YES;
				GCC_WARN_UNUSED_VARIABLE = YES;
				IPHONEOS_DEPLOYMENT_TARGET = 17.0;
				LOCALIZATION_PREFERS_STRING_CATALOGS = YES;
				MTL_ENABLE_DEBUG_INFO = INCLUDE_SOURCE;
				MTL_FAST_MATH = YES;
				ONLY_ACTIVE_ARCH = YES;
				SDKROOT = iphoneos;
				SWIFT_ACTIVE_COMPILATION_CONDITIONS = "DEBUG $(inherited)";
				SWIFT_OPTIMIZATION_LEVEL = "-Onone";
			};
			name = Debug;
		};
		BD1EE1062B572BA300304CCF /* Release */ = {
			isa = XCBuildConfiguration;
			buildSettings = {
				ALWAYS_SEARCH_USER_PATHS = NO;
				ASSETCATALOG_COMPILER_GENERATE_SWIFT_ASSET_SYMBOL_EXTENSIONS = YES;
				CLANG_ANALYZER_NONNULL = YES;
				CLANG_ANALYZER_NUMBER_OBJECT_CONVERSION = YES_AGGRESSIVE;
				CLANG_CXX_LANGUAGE_STANDARD = "gnu++20";
				CLANG_ENABLE_MODULES = YES;
				CLANG_ENABLE_OBJC_ARC = YES;
				CLANG_ENABLE_OBJC_WEAK = YES;
				CLANG_WARN_BLOCK_CAPTURE_AUTORELEASING = YES;
				CLANG_WARN_BOOL_CONVERSION = YES;
				CLANG_WARN_COMMA = YES;
				CLANG_WARN_CONSTANT_CONVERSION = YES;
				CLANG_WARN_DEPRECATED_OBJC_IMPLEMENTATIONS = YES;
				CLANG_WARN_DIRECT_OBJC_ISA_USAGE = YES_ERROR;
				CLANG_WARN_DOCUMENTATION_COMMENTS = YES;
				CLANG_WARN_EMPTY_BODY = YES;
				CLANG_WARN_ENUM_CONVERSION = YES;
				CLANG_WARN_INFINITE_RECURSION = YES;
				CLANG_WARN_INT_CONVERSION = YES;
				CLANG_WARN_NON_LITERAL_NULL_CONVERSION = YES;
				CLANG_WARN_OBJC_IMPLICIT_RETAIN_SELF = YES;
				CLANG_WARN_OBJC_LITERAL_CONVERSION = YES;
				CLANG_WARN_OBJC_ROOT_CLASS = YES_ERROR;
				CLANG_WARN_QUOTED_INCLUDE_IN_FRAMEWORK_HEADER = YES;
				CLANG_WARN_RANGE_LOOP_ANALYSIS = YES;
				CLANG_WARN_STRICT_PROTOTYPES = YES;
				CLANG_WARN_SUSPICIOUS_MOVE = YES;
				CLANG_WARN_UNGUARDED_AVAILABILITY = YES_AGGRESSIVE;
				CLANG_WARN_UNREACHABLE_CODE = YES;
				CLANG_WARN__DUPLICATE_METHOD_MATCH = YES;
				COPY_PHASE_STRIP = NO;
				DEBUG_INFORMATION_FORMAT = "dwarf-with-dsym";
				ENABLE_NS_ASSERTIONS = NO;
				ENABLE_STRICT_OBJC_MSGSEND = YES;
				ENABLE_USER_SCRIPT_SANDBOXING = YES;
				GCC_C_LANGUAGE_STANDARD = gnu17;
				GCC_NO_COMMON_BLOCKS = YES;
				GCC_WARN_64_TO_32_BIT_CONVERSION = YES;
				GCC_WARN_ABOUT_RETURN_TYPE = YES_ERROR;
				GCC_WARN_UNDECLARED_SELECTOR = YES;
				GCC_WARN_UNINITIALIZED_AUTOS = YES_AGGRESSIVE;
				GCC_WARN_UNUSED_FUNCTION = YES;
				GCC_WARN_UNUSED_VARIABLE = YES;
				IPHONEOS_DEPLOYMENT_TARGET = 17.0;
				LOCALIZATION_PREFERS_STRING_CATALOGS = YES;
				MTL_ENABLE_DEBUG_INFO = NO;
				MTL_FAST_MATH = YES;
				SDKROOT = iphoneos;
				SWIFT_COMPILATION_MODE = wholemodule;
				VALIDATE_PRODUCT = YES;
			};
			name = Release;
		};
		BD1EE1082B572BA300304CCF /* Debug */ = {
			isa = XCBuildConfiguration;
			buildSettings = {
				ASSETCATALOG_COMPILER_APPICON_NAME = AppIcon;
				ASSETCATALOG_COMPILER_GLOBAL_ACCENT_COLOR_NAME = AccentColor;
				CODE_SIGN_STYLE = Automatic;
				CURRENT_PROJECT_VERSION = 1;
				DEVELOPMENT_ASSET_PATHS = "\"Coinito/Preview Content\"";
				DEVELOPMENT_TEAM = 8S5QQT5ZUQ;
				ENABLE_PREVIEWS = YES;
				GENERATE_INFOPLIST_FILE = YES;
				INFOPLIST_KEY_UIApplicationSceneManifest_Generation = YES;
				INFOPLIST_KEY_UIApplicationSupportsIndirectInputEvents = YES;
				INFOPLIST_KEY_UILaunchScreen_Generation = YES;
				INFOPLIST_KEY_UISupportedInterfaceOrientations_iPad = "UIInterfaceOrientationPortrait UIInterfaceOrientationPortraitUpsideDown UIInterfaceOrientationLandscapeLeft UIInterfaceOrientationLandscapeRight";
				INFOPLIST_KEY_UISupportedInterfaceOrientations_iPhone = "UIInterfaceOrientationPortrait UIInterfaceOrientationLandscapeLeft UIInterfaceOrientationLandscapeRight";
				LD_RUNPATH_SEARCH_PATHS = (
					"$(inherited)",
					"@executable_path/Frameworks",
				);
				MARKETING_VERSION = 1.0;
				PRODUCT_BUNDLE_IDENTIFIER = com.matoosens.Coinito;
				PRODUCT_NAME = "$(TARGET_NAME)";
				SWIFT_EMIT_LOC_STRINGS = YES;
				SWIFT_VERSION = 5.0;
				TARGETED_DEVICE_FAMILY = "1,2";
			};
			name = Debug;
		};
		BD1EE1092B572BA300304CCF /* Release */ = {
			isa = XCBuildConfiguration;
			buildSettings = {
				ASSETCATALOG_COMPILER_APPICON_NAME = AppIcon;
				ASSETCATALOG_COMPILER_GLOBAL_ACCENT_COLOR_NAME = AccentColor;
				CODE_SIGN_STYLE = Automatic;
				CURRENT_PROJECT_VERSION = 1;
				DEVELOPMENT_ASSET_PATHS = "\"Coinito/Preview Content\"";
				DEVELOPMENT_TEAM = 8S5QQT5ZUQ;
				ENABLE_PREVIEWS = YES;
				GENERATE_INFOPLIST_FILE = YES;
				INFOPLIST_KEY_UIApplicationSceneManifest_Generation = YES;
				INFOPLIST_KEY_UIApplicationSupportsIndirectInputEvents = YES;
				INFOPLIST_KEY_UILaunchScreen_Generation = YES;
				INFOPLIST_KEY_UISupportedInterfaceOrientations_iPad = "UIInterfaceOrientationPortrait UIInterfaceOrientationPortraitUpsideDown UIInterfaceOrientationLandscapeLeft UIInterfaceOrientationLandscapeRight";
				INFOPLIST_KEY_UISupportedInterfaceOrientations_iPhone = "UIInterfaceOrientationPortrait UIInterfaceOrientationLandscapeLeft UIInterfaceOrientationLandscapeRight";
				LD_RUNPATH_SEARCH_PATHS = (
					"$(inherited)",
					"@executable_path/Frameworks",
				);
				MARKETING_VERSION = 1.0;
				PRODUCT_BUNDLE_IDENTIFIER = com.matoosens.Coinito;
				PRODUCT_NAME = "$(TARGET_NAME)";
				SWIFT_EMIT_LOC_STRINGS = YES;
				SWIFT_VERSION = 5.0;
				TARGETED_DEVICE_FAMILY = "1,2";
			};
			name = Release;
		};
		BD1EE1222B572EB100304CCF /* Debug */ = {
			isa = XCBuildConfiguration;
			buildSettings = {
				ASSETCATALOG_COMPILER_APPICON_NAME = AppIcon;
				ASSETCATALOG_COMPILER_GLOBAL_ACCENT_COLOR_NAME = AccentColor;
				CODE_SIGN_STYLE = Automatic;
				CURRENT_PROJECT_VERSION = 1;
				DEVELOPMENT_ASSET_PATHS = "\"Coinito/Preview Content\"";
				DEVELOPMENT_TEAM = 8S5QQT5ZUQ;
				ENABLE_PREVIEWS = YES;
				GENERATE_INFOPLIST_FILE = YES;
				INFOPLIST_KEY_UIApplicationSceneManifest_Generation = YES;
				INFOPLIST_KEY_UIApplicationSupportsIndirectInputEvents = YES;
				INFOPLIST_KEY_UILaunchScreen_Generation = YES;
				INFOPLIST_KEY_UISupportedInterfaceOrientations_iPad = "UIInterfaceOrientationPortrait UIInterfaceOrientationPortraitUpsideDown UIInterfaceOrientationLandscapeLeft UIInterfaceOrientationLandscapeRight";
				INFOPLIST_KEY_UISupportedInterfaceOrientations_iPhone = "UIInterfaceOrientationPortrait UIInterfaceOrientationLandscapeLeft UIInterfaceOrientationLandscapeRight";
				LD_RUNPATH_SEARCH_PATHS = (
					"$(inherited)",
					"@executable_path/Frameworks",
				);
				MARKETING_VERSION = 1.0;
				PRODUCT_BUNDLE_IDENTIFIER = com.matoosens.Coinito;
				PRODUCT_NAME = "$(TARGET_NAME)";
				SWIFT_EMIT_LOC_STRINGS = YES;
				SWIFT_VERSION = 5.0;
				TARGETED_DEVICE_FAMILY = "1,2";
			};
			name = Debug;
		};
		BD1EE1232B572EB100304CCF /* Release */ = {
			isa = XCBuildConfiguration;
			buildSettings = {
				ASSETCATALOG_COMPILER_APPICON_NAME = AppIcon;
				ASSETCATALOG_COMPILER_GLOBAL_ACCENT_COLOR_NAME = AccentColor;
				CODE_SIGN_STYLE = Automatic;
				CURRENT_PROJECT_VERSION = 1;
				DEVELOPMENT_ASSET_PATHS = "\"Coinito/Preview Content\"";
				DEVELOPMENT_TEAM = 8S5QQT5ZUQ;
				ENABLE_PREVIEWS = YES;
				GENERATE_INFOPLIST_FILE = YES;
				INFOPLIST_KEY_UIApplicationSceneManifest_Generation = YES;
				INFOPLIST_KEY_UIApplicationSupportsIndirectInputEvents = YES;
				INFOPLIST_KEY_UILaunchScreen_Generation = YES;
				INFOPLIST_KEY_UISupportedInterfaceOrientations_iPad = "UIInterfaceOrientationPortrait UIInterfaceOrientationPortraitUpsideDown UIInterfaceOrientationLandscapeLeft UIInterfaceOrientationLandscapeRight";
				INFOPLIST_KEY_UISupportedInterfaceOrientations_iPhone = "UIInterfaceOrientationPortrait UIInterfaceOrientationLandscapeLeft UIInterfaceOrientationLandscapeRight";
				LD_RUNPATH_SEARCH_PATHS = (
					"$(inherited)",
					"@executable_path/Frameworks",
				);
				MARKETING_VERSION = 1.0;
				PRODUCT_BUNDLE_IDENTIFIER = com.matoosens.Coinito;
				PRODUCT_NAME = "$(TARGET_NAME)";
				SWIFT_EMIT_LOC_STRINGS = YES;
				SWIFT_VERSION = 5.0;
				TARGETED_DEVICE_FAMILY = "1,2";
			};
			name = Release;
		};
/* End XCBuildConfiguration section */

/* Begin XCConfigurationList section */
		BD1EE0F42B572BA200304CCF /* Build configuration list for PBXProject "Coinito" */ = {
			isa = XCConfigurationList;
			buildConfigurations = (
				BD1EE1052B572BA300304CCF /* Debug */,
				BD1EE1062B572BA300304CCF /* Release */,
			);
			defaultConfigurationIsVisible = 0;
			defaultConfigurationName = Release;
		};
		BD1EE1072B572BA300304CCF /* Build configuration list for PBXNativeTarget "Coinito" */ = {
			isa = XCConfigurationList;
			buildConfigurations = (
				BD1EE1082B572BA300304CCF /* Debug */,
				BD1EE1092B572BA300304CCF /* Release */,
			);
			defaultConfigurationIsVisible = 0;
			defaultConfigurationName = Release;
		};
		BD1EE1212B572EB100304CCF /* Build configuration list for PBXNativeTarget "CoinitoMocks" */ = {
			isa = XCConfigurationList;
			buildConfigurations = (
				BD1EE1222B572EB100304CCF /* Debug */,
				BD1EE1232B572EB100304CCF /* Release */,
			);
			defaultConfigurationIsVisible = 0;
			defaultConfigurationName = Release;
		};
/* End XCConfigurationList section */

/* Begin XCLocalSwiftPackageReference section */
		BD1EE10A2B572C7800304CCF /* XCLocalSwiftPackageReference "../Dependencies" */ = {
			isa = XCLocalSwiftPackageReference;
			relativePath = ../Dependencies;
		};
/* End XCLocalSwiftPackageReference section */

/* Begin XCSwiftPackageProductDependency section */
		BD1EE10B2B572C7800304CCF /* Dependencies */ = {
			isa = XCSwiftPackageProductDependency;
			productName = Dependencies;
		};
		BD1EE1152B572EB100304CCF /* Dependencies */ = {
			isa = XCSwiftPackageProductDependency;
			productName = Dependencies;
		};
/* End XCSwiftPackageProductDependency section */
	};
	rootObject = BD1EE0F12B572BA200304CCF /* Project object */;
}
